
Microsoft Visual Studio Solution File, Format Version 12.00
# Visual Studio Version 17
VisualStudioVersion = 17.2.32414.248
MinimumVisualStudioVersion = 10.0.40219.1
Project("{9A19103F-16F7-4668-BE54-9A1E7A4F7556}") = "MyWPFApp", "MyWPFApp\MyWPFApp.csproj", "{785C5EB0-69B1-4F75-B796-837DFCBA0082}"
	ProjectSection(ProjectDependencies) = postProject
		{71F20B53-05A1-4B87-A032-C1B1D1BE3998} = {71F20B53-05A1-4B87-A032-C1B1D1BE3998}
	EndProjectSection
EndProject
Project("{FAE04EC0-301F-11D3-BF4B-00C04F79EFBC}") = "MyUWPApp", "..\MyUWPApp\MyUWPApp.csproj", "{71F20B53-05A1-4B87-A032-C1B1D1BE3998}"
EndProject
Project("{FAE04EC0-301F-11D3-BF4B-00C04F79EFBC}") = "UWPClassLibrary", "..\UWPClassLibrary\UWPClassLibrary.csproj", "{5D9122C2-F809-4189-9218-C1CD5DE896B5}"
EndProject
Project("{C7167F0D-BC9F-4E6E-AFE1-012C56B48DB5}") = "BuildWAP", "..\BuildWAP\BuildWAP.wapproj", "{3DAF2845-C1E1-4FA5-ABBD-D79547AF0D70}"
EndProject
Global
	GlobalSection(SolutionConfigurationPlatforms) = preSolution
		Debug|Any CPU = Debug|Any CPU
		Debug|ARM = Debug|ARM
		Debug|ARM64 = Debug|ARM64
		Debug|x64 = Debug|x64
		Debug|x86 = Debug|x86
		Release|Any CPU = Release|Any CPU
		Release|ARM = Release|ARM
		Release|ARM64 = Release|ARM64
		Release|x64 = Release|x64
		Release|x86 = Release|x86
	EndGlobalSection
	GlobalSection(ProjectConfigurationPlatforms) = postSolution
		{785C5EB0-69B1-4F75-B796-837DFCBA0082}.Debug|Any CPU.ActiveCfg = Debug|Any CPU
		{785C5EB0-69B1-4F75-B796-837DFCBA0082}.Debug|Any CPU.Build.0 = Debug|Any CPU
		{785C5EB0-69B1-4F75-B796-837DFCBA0082}.Debug|ARM.ActiveCfg = Debug|Any CPU
		{785C5EB0-69B1-4F75-B796-837DFCBA0082}.Debug|ARM.Build.0 = Debug|Any CPU
		{785C5EB0-69B1-4F75-B796-837DFCBA0082}.Debug|ARM64.ActiveCfg = Debug|Any CPU
		{785C5EB0-69B1-4F75-B796-837DFCBA0082}.Debug|ARM64.Build.0 = Debug|Any CPU
		{785C5EB0-69B1-4F75-B796-837DFCBA0082}.Debug|x64.ActiveCfg = Debug|x64
		{785C5EB0-69B1-4F75-B796-837DFCBA0082}.Debug|x64.Build.0 = Debug|x64
		{785C5EB0-69B1-4F75-B796-837DFCBA0082}.Debug|x86.ActiveCfg = Debug|Any CPU
		{785C5EB0-69B1-4F75-B796-837DFCBA0082}.Debug|x86.Build.0 = Debug|Any CPU
		{785C5EB0-69B1-4F75-B796-837DFCBA0082}.Release|Any CPU.ActiveCfg = Release|Any CPU
		{785C5EB0-69B1-4F75-B796-837DFCBA0082}.Release|Any CPU.Build.0 = Release|Any CPU
		{785C5EB0-69B1-4F75-B796-837DFCBA0082}.Release|ARM.ActiveCfg = Release|Any CPU
		{785C5EB0-69B1-4F75-B796-837DFCBA0082}.Release|ARM.Build.0 = Release|Any CPU
		{785C5EB0-69B1-4F75-B796-837DFCBA0082}.Release|ARM64.ActiveCfg = Release|Any CPU
		{785C5EB0-69B1-4F75-B796-837DFCBA0082}.Release|ARM64.Build.0 = Release|Any CPU
		{785C5EB0-69B1-4F75-B796-837DFCBA0082}.Release|x64.ActiveCfg = Release|x64
		{785C5EB0-69B1-4F75-B796-837DFCBA0082}.Release|x64.Build.0 = Release|x64
		{785C5EB0-69B1-4F75-B796-837DFCBA0082}.Release|x86.ActiveCfg = Release|Any CPU
		{785C5EB0-69B1-4F75-B796-837DFCBA0082}.Release|x86.Build.0 = Release|Any CPU
		{71F20B53-05A1-4B87-A032-C1B1D1BE3998}.Debug|Any CPU.ActiveCfg = Debug|x64
		{71F20B53-05A1-4B87-A032-C1B1D1BE3998}.Debug|Any CPU.Build.0 = Debug|x64
		{71F20B53-05A1-4B87-A032-C1B1D1BE3998}.Debug|Any CPU.Deploy.0 = Debug|x64
		{71F20B53-05A1-4B87-A032-C1B1D1BE3998}.Debug|ARM.ActiveCfg = Debug|ARM
		{71F20B53-05A1-4B87-A032-C1B1D1BE3998}.Debug|ARM.Build.0 = Debug|ARM
		{71F20B53-05A1-4B87-A032-C1B1D1BE3998}.Debug|ARM.Deploy.0 = Debug|ARM
		{71F20B53-05A1-4B87-A032-C1B1D1BE3998}.Debug|ARM64.ActiveCfg = Debug|ARM64
		{71F20B53-05A1-4B87-A032-C1B1D1BE3998}.Debug|ARM64.Build.0 = Debug|ARM64
		{71F20B53-05A1-4B87-A032-C1B1D1BE3998}.Debug|ARM64.Deploy.0 = Debug|ARM64
		{71F20B53-05A1-4B87-A032-C1B1D1BE3998}.Debug|x64.ActiveCfg = Debug|x64
		{71F20B53-05A1-4B87-A032-C1B1D1BE3998}.Debug|x64.Build.0 = Debug|x64
		{71F20B53-05A1-4B87-A032-C1B1D1BE3998}.Debug|x64.Deploy.0 = Debug|x64
		{71F20B53-05A1-4B87-A032-C1B1D1BE3998}.Debug|x86.ActiveCfg = Debug|x86
		{71F20B53-05A1-4B87-A032-C1B1D1BE3998}.Debug|x86.Build.0 = Debug|x86
		{71F20B53-05A1-4B87-A032-C1B1D1BE3998}.Debug|x86.Deploy.0 = Debug|x86
		{71F20B53-05A1-4B87-A032-C1B1D1BE3998}.Release|Any CPU.ActiveCfg = Release|x64
		{71F20B53-05A1-4B87-A032-C1B1D1BE3998}.Release|Any CPU.Build.0 = Release|x64
		{71F20B53-05A1-4B87-A032-C1B1D1BE3998}.Release|Any CPU.Deploy.0 = Release|x64
		{71F20B53-05A1-4B87-A032-C1B1D1BE3998}.Release|ARM.ActiveCfg = Release|ARM
		{71F20B53-05A1-4B87-A032-C1B1D1BE3998}.Release|ARM.Build.0 = Release|ARM
		{71F20B53-05A1-4B87-A032-C1B1D1BE3998}.Release|ARM.Deploy.0 = Release|ARM
		{71F20B53-05A1-4B87-A032-C1B1D1BE3998}.Release|ARM64.ActiveCfg = Release|ARM64
		{71F20B53-05A1-4B87-A032-C1B1D1BE3998}.Release|ARM64.Build.0 = Release|ARM64
		{71F20B53-05A1-4B87-A032-C1B1D1BE3998}.Release|ARM64.Deploy.0 = Release|ARM64
		{71F20B53-05A1-4B87-A032-C1B1D1BE3998}.Release|x64.ActiveCfg = Release|x64
		{71F20B53-05A1-4B87-A032-C1B1D1BE3998}.Release|x64.Build.0 = Release|x64
		{71F20B53-05A1-4B87-A032-C1B1D1BE3998}.Release|x64.Deploy.0 = Release|x64
		{71F20B53-05A1-4B87-A032-C1B1D1BE3998}.Release|x86.ActiveCfg = Release|x86
		{71F20B53-05A1-4B87-A032-C1B1D1BE3998}.Release|x86.Build.0 = Release|x86
		{71F20B53-05A1-4B87-A032-C1B1D1BE3998}.Release|x86.Deploy.0 = Release|x86
		{5D9122C2-F809-4189-9218-C1CD5DE896B5}.Debug|Any CPU.ActiveCfg = Debug|Any CPU
		{5D9122C2-F809-4189-9218-C1CD5DE896B5}.Debug|Any CPU.Build.0 = Debug|Any CPU
		{5D9122C2-F809-4189-9218-C1CD5DE896B5}.Debug|ARM.ActiveCfg = Debug|ARM
		{5D9122C2-F809-4189-9218-C1CD5DE896B5}.Debug|ARM.Build.0 = Debug|ARM
		{5D9122C2-F809-4189-9218-C1CD5DE896B5}.Debug|ARM64.ActiveCfg = Debug|ARM64
		{5D9122C2-F809-4189-9218-C1CD5DE896B5}.Debug|ARM64.Build.0 = Debug|ARM64
		{5D9122C2-F809-4189-9218-C1CD5DE896B5}.Debug|x64.ActiveCfg = Debug|x64
		{5D9122C2-F809-4189-9218-C1CD5DE896B5}.Debug|x64.Build.0 = Debug|x64
		{5D9122C2-F809-4189-9218-C1CD5DE896B5}.Debug|x86.ActiveCfg = Debug|x86
		{5D9122C2-F809-4189-9218-C1CD5DE896B5}.Debug|x86.Build.0 = Debug|x86
		{5D9122C2-F809-4189-9218-C1CD5DE896B5}.Release|Any CPU.ActiveCfg = Release|Any CPU
		{5D9122C2-F809-4189-9218-C1CD5DE896B5}.Release|Any CPU.Build.0 = Release|Any CPU
		{5D9122C2-F809-4189-9218-C1CD5DE896B5}.Release|ARM.ActiveCfg = Release|ARM
		{5D9122C2-F809-4189-9218-C1CD5DE896B5}.Release|ARM.Build.0 = Release|ARM
		{5D9122C2-F809-4189-9218-C1CD5DE896B5}.Release|ARM64.ActiveCfg = Release|ARM64
		{5D9122C2-F809-4189-9218-C1CD5DE896B5}.Release|ARM64.Build.0 = Release|ARM64
		{5D9122C2-F809-4189-9218-C1CD5DE896B5}.Release|x64.ActiveCfg = Release|x64
		{5D9122C2-F809-4189-9218-C1CD5DE896B5}.Release|x64.Build.0 = Release|x64
		{5D9122C2-F809-4189-9218-C1CD5DE896B5}.Release|x86.ActiveCfg = Release|x86
		{5D9122C2-F809-4189-9218-C1CD5DE896B5}.Release|x86.Build.0 = Release|x86
		{3DAF2845-C1E1-4FA5-ABBD-D79547AF0D70}.Debug|Any CPU.ActiveCfg = Debug|Any CPU
		{3DAF2845-C1E1-4FA5-ABBD-D79547AF0D70}.Debug|Any CPU.Build.0 = Debug|Any CPU
		{3DAF2845-C1E1-4FA5-ABBD-D79547AF0D70}.Debug|Any CPU.Deploy.0 = Debug|Any CPU
		{3DAF2845-C1E1-4FA5-ABBD-D79547AF0D70}.Debug|ARM.ActiveCfg = Debug|ARM
		{3DAF2845-C1E1-4FA5-ABBD-D79547AF0D70}.Debug|ARM.Build.0 = Debug|ARM
		{3DAF2845-C1E1-4FA5-ABBD-D79547AF0D70}.Debug|ARM.Deploy.0 = Debug|ARM
		{3DAF2845-C1E1-4FA5-ABBD-D79547AF0D70}.Debug|ARM64.ActiveCfg = Debug|ARM64
		{3DAF2845-C1E1-4FA5-ABBD-D79547AF0D70}.Debug|ARM64.Build.0 = Debug|ARM64
		{3DAF2845-C1E1-4FA5-ABBD-D79547AF0D70}.Debug|ARM64.Deploy.0 = Debug|ARM64
		{3DAF2845-C1E1-4FA5-ABBD-D79547AF0D70}.Debug|x64.ActiveCfg = Debug|x64
		{3DAF2845-C1E1-4FA5-ABBD-D79547AF0D70}.Debug|x64.Build.0 = Debug|x64
		{3DAF2845-C1E1-4FA5-ABBD-D79547AF0D70}.Debug|x64.Deploy.0 = Debug|x64
		{3DAF2845-C1E1-4FA5-ABBD-D79547AF0D70}.Debug|x86.ActiveCfg = Debug|x86
		{3DAF2845-C1E1-4FA5-ABBD-D79547AF0D70}.Debug|x86.Build.0 = Debug|x86
		{3DAF2845-C1E1-4FA5-ABBD-D79547AF0D70}.Debug|x86.Deploy.0 = Debug|x86
		{3DAF2845-C1E1-4FA5-ABBD-D79547AF0D70}.Release|Any CPU.ActiveCfg = Release|Any CPU
		{3DAF2845-C1E1-4FA5-ABBD-D79547AF0D70}.Release|Any CPU.Build.0 = Release|Any CPU
		{3DAF2845-C1E1-4FA5-ABBD-D79547AF0D70}.Release|Any CPU.Deploy.0 = Release|Any CPU
		{3DAF2845-C1E1-4FA5-ABBD-D79547AF0D70}.Release|ARM.ActiveCfg = Release|ARM
		{3DAF2845-C1E1-4FA5-ABBD-D79547AF0D70}.Release|ARM.Build.0 = Release|ARM
		{3DAF2845-C1E1-4FA5-ABBD-D79547AF0D70}.Release|ARM.Deploy.0 = Release|ARM
		{3DAF2845-C1E1-4FA5-ABBD-D79547AF0D70}.Release|ARM64.ActiveCfg = Release|ARM64
		{3DAF2845-C1E1-4FA5-ABBD-D79547AF0D70}.Release|ARM64.Build.0 = Release|ARM64
		{3DAF2845-C1E1-4FA5-ABBD-D79547AF0D70}.Release|ARM64.Deploy.0 = Release|ARM64
		{3DAF2845-C1E1-4FA5-ABBD-D79547AF0D70}.Release|x64.ActiveCfg = Release|x64
		{3DAF2845-C1E1-4FA5-ABBD-D79547AF0D70}.Release|x64.Build.0 = Release|x64
		{3DAF2845-C1E1-4FA5-ABBD-D79547AF0D70}.Release|x64.Deploy.0 = Release|x64
		{3DAF2845-C1E1-4FA5-ABBD-D79547AF0D70}.Release|x86.ActiveCfg = Release|x86
		{3DAF2845-C1E1-4FA5-ABBD-D79547AF0D70}.Release|x86.Build.0 = Release|x86
		{3DAF2845-C1E1-4FA5-ABBD-D79547AF0D70}.Release|x86.Deploy.0 = Release|x86
	EndGlobalSection
	GlobalSection(SolutionProperties) = preSolution
		HideSolutionNode = FALSE
	EndGlobalSection
	GlobalSection(ExtensibilityGlobals) = postSolution
		SolutionGuid = {E7EF540C-56EE-4CE3-BED9-15036E48A402}
	EndGlobalSection
EndGlobal
